<?xml version="1.0" encoding="utf-8"?>
<Project ToolsVersion="4.0" xmlns="http://schemas.microsoft.com/developer/msbuild/2003">
  <ItemGroup>
    <Filter Include="Source Files">
      <UniqueIdentifier>{4FC737F1-C7A5-4376-A066-2A32D752A2FF}</UniqueIdentifier>
      <Extensions>cpp;c;cc;cxx;c++;cppm;ixx;def;odl;idl;hpj;bat;asm;asmx</Extensions>
    </Filter>
    <Filter Include="Header Files">
      <UniqueIdentifier>{93995380-89BD-4b04-88EB-625FBE52EBFB}</UniqueIdentifier>
      <Extensions>h;hh;hpp;hxx;h++;hm;inl;inc;ipp;xsd</Extensions>
    </Filter>
    <Filter Include="Resource Files">
      <UniqueIdentifier>{67DA6AB6-F800-4c08-8B7A-83BB121AAD01}</UniqueIdentifier>
      <Extensions>rc;ico;cur;bmp;dlg;rc2;rct;bin;rgs;gif;jpg;jpeg;jpe;resx;tiff;tif;png;wav;mfcribbon-ms</Extensions>
    </Filter>
    <Filter Include="Source Files\Cube">
      <UniqueIdentifier>{2c6e7ac8-00f5-4fe0-85f6-5b84b1f1471a}</UniqueIdentifier>
    </Filter>
    <Filter Include="Source Files\Shaders">
      <UniqueIdentifier>{9949065e-10ef-461d-b8ae-b9097bcfd899}</UniqueIdentifier>
    </Filter>
    <Filter Include="Header Files\Cube">
      <UniqueIdentifier>{b10c0d7b-9bd1-4671-9397-c9d9c87517d4}</UniqueIdentifier>
    </Filter>
    <Filter Include="Source Files\Light">
      <UniqueIdentifier>{b3658dee-6adb-4aa6-a371-27de19f75585}</UniqueIdentifier>
    </Filter>
    <Filter Include="Header Files\Light">
      <UniqueIdentifier>{a96d2a2e-bc39-4371-b9ea-4721edd08e2a}</UniqueIdentifier>
    </Filter>
  </ItemGroup>
  <ItemGroup>
    <ClCompile Include="Main.cpp">
      <Filter>Source Files</Filter>
    </ClCompile>
    <ClCompile Include="Cube\YourCube.cpp">
      <Filter>Source Files\Cube</Filter>
    </ClCompile>
    <ClCompile Include="Cube\BaseCube.cpp">
      <Filter>Source Files\Cube</Filter>
    </ClCompile>
    <ClCompile Include="Cube\YourCube2.cpp">
      <Filter>Source Files\Cube</Filter>
    </ClCompile>
    <ClCompile Include="Cube\AdditionalCube.cpp">
      <Filter>Source Files\Cube</Filter>
    </ClCompile>
    <ClCompile Include="Cube\Cube.cpp">
      <Filter>Source Files\Cube</Filter>
    </ClCompile>
    <ClCompile Include="Cube\RotatingCube.cpp">
      <Filter>Source Files\Cube</Filter>
    </ClCompile>
    <ClCompile Include="Light\RotatingPointLight.cpp">
      <Filter>Source Files\Light</Filter>
    </ClCompile>
  </ItemGroup>
  <ItemGroup>
    <FxCompile Include="Shaders\PS.hlsl">
      <Filter>Source Files\Shaders</Filter>
    </FxCompile>
    <FxCompile Include="Shaders\VS.hlsl">
      <Filter>Source Files\Shaders</Filter>
    </FxCompile>
    <FxCompile Include="Shaders\CubeMap_PS.hlsl">
      <Filter>Source Files\Shaders</Filter>
    </FxCompile>
    <FxCompile Include="Shaders\CubeMap_VS.hlsl">
      <Filter>Source Files\Shaders</Filter>
    </FxCompile>
  </ItemGroup>
  <ItemGroup>
    <None Include="Shaders\Shaders.fxh">
      <Filter>Source Files\Shaders</Filter>
    </None>
    <None Include="Shaders\PhongShaders.fxh">
      <Filter>Source Files\Shaders</Filter>
    </None>
    <None Include="Shaders\VoxelShaders.fxh">
      <Filter>Source Files\Shaders</Filter>
    </None>
    <None Include="Shaders\SkinningShaders.fxh">
      <Filter>Source Files\Shaders</Filter>
    </None>
    <None Include="Shaders\ShadowShaders.fxh">
      <Filter>Source Files\Shaders</Filter>
    </None>
    <None Include="Shaders\CubeMap.fxh">
      <Filter>Source Files\Shaders</Filter>
    </None>
  </ItemGroup>
  <ItemGroup>
    <ClInclude Include="Cube\BaseCube.h">
      <Filter>Header Files\Cube</Filter>
    </ClInclude>
    <ClInclude Include="Cube\YourCube.h">
      <Filter>Header Files\Cube</Filter>
    </ClInclude>
    <ClInclude Include="Cube\YourCube2.h">
      <Filter>Header Files\Cube</Filter>
    </ClInclude>
    <ClInclude Include="Cube\AdditionalCube.h">
      <Filter>Header Files\Cube</Filter>
    </ClInclude>
    <ClInclude Include="Cube\Cube.h">
      <Filter>Header Files\Cube</Filter>
    </ClInclude>
    <ClInclude Include="Cube\RotatingCube.h">
      <Filter>Header Files\Cube</Filter>
    </ClInclude>
    <ClInclude Include="Light\RotatingPointLight.h">
      <Filter>Header Files\Light</Filter>
    </ClInclude>
  </ItemGroup>
  <ItemGroup>
    <Image Include="seafloor.dds">
      <Filter>Resource Files</Filter>
    </Image>
    <Image Include="squaretile.dds">
      <Filter>Resource Files</Filter>
    </Image>
    <Image Include="Content\Common\InvalidTexture.png">
      <Filter>Resource Files</Filter>
    </Image>
    <Image Include="Content\Cube\diffuse.png">
      <Filter>Resource Files</Filter>
    </Image>
    <Image Include="Content\Cube\normal.png">
      <Filter>Resource Files</Filter>
    </Image>
    <Image Include="Content\Common\Maskonaive2_1024.dds">
      <Filter>Resource Files</Filter>
    </Image>
  </ItemGroup>
</Project>